# This file was autogenerated by Stack.
# You should not edit this file by hand.
# For more information, please see the documentation at:
#   https://docs.haskellstack.org/en/stable/lock_files

packages:
- completed:
    hackage: emojis-0.1.2@sha256:3932d99972b998464beb4d67eddebeb00a21dab3e3b2d68bdb996e5cb0ccbc26,1909
    pantry-tree:
      size: 430
      sha256: 3a5d9b527c4999e7a900ee31184d07bef24ecf755440e712a5d77e48003dd139
  original:
    hackage: emojis-0.1.2
- completed:
    hackage: haskell-say-1.0.0.0@sha256:654ed7ff571d62fb03dfda576aa0a89410fe403b0d84695b5151e3d026f33099,1330
    pantry-tree:
      size: 362
      sha256: 9082066dbdb98dfc3c988c2ad96ee05a6469e94644985f29b305f50a30b7da3c
  original:
    hackage: haskell-say-1.0.0.0
snapshots: []
